
Microsoft Visual Studio Solution File, Format Version 12.00
# Visual Studio 15
VisualStudioVersion = 15.0.28307.757
MinimumVisualStudioVersion = 10.0.40219.1
Project("{FAE04EC0-301F-11D3-BF4B-00C04F79EFBC}") = "ProyectoLCA21v0", "ProyectoLCA21v0\ProyectoLCA21v0.csproj", "{55DEB66F-A0DE-4847-88D2-4042AB7D4E8C}"
EndProject
Project("{FAE04EC0-301F-11D3-BF4B-00C04F79EFBC}") = "GUIComun", "GUIComun\GUIComun.csproj", "{DE88CA60-C44C-400B-A66F-E83EADB347F9}"
EndProject
Global
	GlobalSection(SolutionConfigurationPlatforms) = preSolution
		Debug|Any CPU = Debug|Any CPU
		Release|Any CPU = Release|Any CPU
	EndGlobalSection
	GlobalSection(ProjectConfigurationPlatforms) = postSolution
		{55DEB66F-A0DE-4847-88D2-4042AB7D4E8C}.Debug|Any CPU.ActiveCfg = Debug|Any CPU
		{55DEB66F-A0DE-4847-88D2-4042AB7D4E8C}.Debug|Any CPU.Build.0 = Debug|Any CPU
		{55DEB66F-A0DE-4847-88D2-4042AB7D4E8C}.Release|Any CPU.ActiveCfg = Release|Any CPU
		{55DEB66F-A0DE-4847-88D2-4042AB7D4E8C}.Release|Any CPU.Build.0 = Release|Any CPU
		{DE88CA60-C44C-400B-A66F-E83EADB347F9}.Debug|Any CPU.ActiveCfg = Debug|Any CPU
		{DE88CA60-C44C-400B-A66F-E83EADB347F9}.Debug|Any CPU.Build.0 = Debug|Any CPU
		{DE88CA60-C44C-400B-A66F-E83EADB347F9}.Release|Any CPU.ActiveCfg = Release|Any CPU
		{DE88CA60-C44C-400B-A66F-E83EADB347F9}.Release|Any CPU.Build.0 = Release|Any CPU
	EndGlobalSection
	GlobalSection(SolutionProperties) = preSolution
		HideSolutionNode = FALSE
	EndGlobalSection
	GlobalSection(ExtensibilityGlobals) = postSolution
		SolutionGuid = {81ED32D1-5AEA-4CAE-9154-C9C75D851F9A}
	EndGlobalSection
EndGlobal
